
Microsoft Visual Studio Solution File, Format Version 12.00
# Visual Studio Version 17
VisualStudioVersion = 17.13.35825.156 d17.13
MinimumVisualStudioVersion = 10.0.40219.1
Project("{FAE04EC0-301F-11D3-BF4B-00C04F79EFBC}") = "NewProject_CS", "NewProject_CS.csproj", "{9C38005A-1202-421B-804E-32B0E513D26E}"
EndProject
Global
	GlobalSection(SolutionConfigurationPlatforms) = preSolution
		Debug|Any CPU = Debug|Any CPU
		Release|Any CPU = Release|Any CPU
	EndGlobalSection
	GlobalSection(ProjectConfigurationPlatforms) = postSolution
		{9C38005A-1202-421B-804E-32B0E513D26E}.Debug|Any CPU.ActiveCfg = Debug|Any CPU
		{9C38005A-1202-421B-804E-32B0E513D26E}.Debug|Any CPU.Build.0 = Debug|Any CPU
		{9C38005A-1202-421B-804E-32B0E513D26E}.Release|Any CPU.ActiveCfg = Release|Any CPU
		{9C38005A-1202-421B-804E-32B0E513D26E}.Release|Any CPU.Build.0 = Release|Any CPU
	EndGlobalSection
	GlobalSection(SolutionProperties) = preSolution
		HideSolutionNode = FALSE
	EndGlobalSection
	GlobalSection(ExtensibilityGlobals) = postSolution
		SolutionGuid = {DC3FAFF2-4406-44D1-8E5D-FF0EE83057E6}
	EndGlobalSection
EndGlobal
